// !$*UTF8*$!
{
	archiveVersion = 1;
	classes = {
	};
	objectVersion = 46;
	objects = {

/* Begin PBXBuildFile section */
		DA0230D218D8F23300B62595 /* StopButton@2x.png in Resources */ = {isa = PBXBuildFile; fileRef = DA0230D018D8F23300B62595 /* StopButton@2x.png */; };
		DA0230D318D8F23300B62595 /* StartButton@2x.png in Resources */ = {isa = PBXBuildFile; fileRef = DA0230D118D8F23300B62595 /* StartButton@2x.png */; };
		DA0230D618D8F28500B62595 /* StopWatchTableViewCell.m in Sources */ = {isa = PBXBuildFile; fileRef = DA0230D518D8F28500B62595 /* StopWatchTableViewCell.m */; };
		DA0230D818D8F2B900B62595 /* StopWatchTableViewCell.xib in Resources */ = {isa = PBXBuildFile; fileRef = DA0230D718D8F2B900B62595 /* StopWatchTableViewCell.xib */; };
		DABBEE9118D8DFBB007B323C /* Foundation.framework in Frameworks */ = {isa = PBXBuildFile; fileRef = DABBEE9018D8DFBB007B323C /* Foundation.framework */; };
		DABBEE9318D8DFBB007B323C /* CoreGraphics.framework in Frameworks */ = {isa = PBXBuildFile; fileRef = DABBEE9218D8DFBB007B323C /* CoreGraphics.framework */; };
		DABBEE9518D8DFBB007B323C /* UIKit.framework in Frameworks */ = {isa = PBXBuildFile; fileRef = DABBEE9418D8DFBB007B323C /* UIKit.framework */; };
		DABBEE9B18D8DFBB007B323C /* InfoPlist.strings in Resources */ = {isa = PBXBuildFile; fileRef = DABBEE9918D8DFBB007B323C /* InfoPlist.strings */; };
		DABBEE9D18D8DFBB007B323C /* main.m in Sources */ = {isa = PBXBuildFile; fileRef = DABBEE9C18D8DFBB007B323C /* main.m */; };
		DABBEEA118D8DFBB007B323C /* AppDelegate.m in Sources */ = {isa = PBXBuildFile; fileRef = DABBEEA018D8DFBB007B323C /* AppDelegate.m */; };
		DABBEEA418D8DFBB007B323C /* Main.storyboard in Resources */ = {isa = PBXBuildFile; fileRef = DABBEEA218D8DFBB007B323C /* Main.storyboard */; };
		DABBEEA718D8DFBB007B323C /* ViewController.m in Sources */ = {isa = PBXBuildFile; fileRef = DABBEEA618D8DFBB007B323C /* ViewController.m */; };
		DABBEEA918D8DFBB007B323C /* Images.xcassets in Resources */ = {isa = PBXBuildFile; fileRef = DABBEEA818D8DFBB007B323C /* Images.xcassets */; };
		DABBEEB018D8DFBB007B323C /* XCTest.framework in Frameworks */ = {isa = PBXBuildFile; fileRef = DABBEEAF18D8DFBB007B323C /* XCTest.framework */; };
		DABBEEB118D8DFBB007B323C /* Foundation.framework in Frameworks */ = {isa = PBXBuildFile; fileRef = DABBEE9018D8DFBB007B323C /* Foundation.framework */; };
		DABBEEB218D8DFBB007B323C /* UIKit.framework in Frameworks */ = {isa = PBXBuildFile; fileRef = DABBEE9418D8DFBB007B323C /* UIKit.framework */; };
		DABBEEBA18D8DFBB007B323C /* InfoPlist.strings in Resources */ = {isa = PBXBuildFile; fileRef = DABBEEB818D8DFBB007B323C /* InfoPlist.strings */; };
		DABBEEBC18D8DFBB007B323C /* StopWatch_TableViewTests.m in Sources */ = {isa = PBXBuildFile; fileRef = DABBEEBB18D8DFBB007B323C /* StopWatch_TableViewTests.m */; };
/* End PBXBuildFile section */

/* Begin PBXContainerItemProxy section */
		DABBEEB318D8DFBB007B323C /* PBXContainerItemProxy */ = {
			isa = PBXContainerItemProxy;
			containerPortal = DABBEE8518D8DFBB007B323C /* Project object */;
			proxyType = 1;
			remoteGlobalIDString = DABBEE8C18D8DFBB007B323C;
			remoteInfo = "StopWatch TableView";
		};
/* End PBXContainerItemProxy section */

/* Begin PBXFileReference section */
		DA0230D018D8F23300B62595 /* StopButton@2x.png */ = {isa = PBXFileReference; lastKnownFileType = image.png; path = "StopButton@2x.png"; sourceTree = "<group>"; };
		DA0230D118D8F23300B62595 /* StartButton@2x.png */ = {isa = PBXFileReference; lastKnownFileType = image.png; path = "StartButton@2x.png"; sourceTree = "<group>"; };
		DA0230D418D8F28500B62595 /* StopWatchTableViewCell.h */ = {isa = PBXFileReference; fileEncoding = 4; lastKnownFileType = sourcecode.c.h; path = StopWatchTableViewCell.h; sourceTree = "<group>"; };
		DA0230D518D8F28500B62595 /* StopWatchTableViewCell.m */ = {isa = PBXFileReference; fileEncoding = 4; lastKnownFileType = sourcecode.c.objc; path = StopWatchTableViewCell.m; sourceTree = "<group>"; };
		DA0230D718D8F2B900B62595 /* StopWatchTableViewCell.xib */ = {isa = PBXFileReference; fileEncoding = 4; lastKnownFileType = file.xib; path = StopWatchTableViewCell.xib; sourceTree = "<group>"; };
		DABBEE8D18D8DFBB007B323C /* StopWatch TableView 13.3.app */ = {isa = PBXFileReference; explicitFileType = wrapper.application; includeInIndex = 0; path = "StopWatch TableView 13.3.app"; sourceTree = BUILT_PRODUCTS_DIR; };
		DABBEE9018D8DFBB007B323C /* Foundation.framework */ = {isa = PBXFileReference; lastKnownFileType = wrapper.framework; name = Foundation.framework; path = System/Library/Frameworks/Foundation.framework; sourceTree = SDKROOT; };
		DABBEE9218D8DFBB007B323C /* CoreGraphics.framework */ = {isa = PBXFileReference; lastKnownFileType = wrapper.framework; name = CoreGraphics.framework; path = System/Library/Frameworks/CoreGraphics.framework; sourceTree = SDKROOT; };
		DABBEE9418D8DFBB007B323C /* UIKit.framework */ = {isa = PBXFileReference; lastKnownFileType = wrapper.framework; name = UIKit.framework; path = System/Library/Frameworks/UIKit.framework; sourceTree = SDKROOT; };
		DABBEE9818D8DFBB007B323C /* StopWatch TableView 13.3-Info.plist */ = {isa = PBXFileReference; lastKnownFileType = text.plist.xml; path = "StopWatch TableView 13.3-Info.plist"; sourceTree = "<group>"; };
		DABBEE9A18D8DFBB007B323C /* en */ = {isa = PBXFileReference; lastKnownFileType = text.plist.strings; name = en; path = en.lproj/InfoPlist.strings; sourceTree = "<group>"; };
		DABBEE9C18D8DFBB007B323C /* main.m */ = {isa = PBXFileReference; lastKnownFileType = sourcecode.c.objc; path = main.m; sourceTree = "<group>"; };
		DABBEE9E18D8DFBB007B323C /* StopWatch TableView 13.3-Prefix.pch */ = {isa = PBXFileReference; lastKnownFileType = sourcecode.c.h; path = "StopWatch TableView 13.3-Prefix.pch"; sourceTree = "<group>"; };
		DABBEE9F18D8DFBB007B323C /* AppDelegate.h */ = {isa = PBXFileReference; lastKnownFileType = sourcecode.c.h; path = AppDelegate.h; sourceTree = "<group>"; };
		DABBEEA018D8DFBB007B323C /* AppDelegate.m */ = {isa = PBXFileReference; lastKnownFileType = sourcecode.c.objc; path = AppDelegate.m; sourceTree = "<group>"; };
		DABBEEA318D8DFBB007B323C /* Base */ = {isa = PBXFileReference; lastKnownFileType = file.storyboard; name = Base; path = Base.lproj/Main.storyboard; sourceTree = "<group>"; };
		DABBEEA518D8DFBB007B323C /* ViewController.h */ = {isa = PBXFileReference; lastKnownFileType = sourcecode.c.h; path = ViewController.h; sourceTree = "<group>"; };
		DABBEEA618D8DFBB007B323C /* ViewController.m */ = {isa = PBXFileReference; lastKnownFileType = sourcecode.c.objc; path = ViewController.m; sourceTree = "<group>"; };
		DABBEEA818D8DFBB007B323C /* Images.xcassets */ = {isa = PBXFileReference; lastKnownFileType = folder.assetcatalog; path = Images.xcassets; sourceTree = "<group>"; };
		DABBEEAE18D8DFBB007B323C /* StopWatch TableView 13.3Tests.xctest */ = {isa = PBXFileReference; explicitFileType = wrapper.cfbundle; includeInIndex = 0; path = "StopWatch TableView 13.3Tests.xctest"; sourceTree = BUILT_PRODUCTS_DIR; };
		DABBEEAF18D8DFBB007B323C /* XCTest.framework */ = {isa = PBXFileReference; lastKnownFileType = wrapper.framework; name = XCTest.framework; path = Library/Frameworks/XCTest.framework; sourceTree = DEVELOPER_DIR; };
		DABBEEB718D8DFBB007B323C /* StopWatch TableView 13.3Tests-Info.plist */ = {isa = PBXFileReference; lastKnownFileType = text.plist.xml; path = "StopWatch TableView 13.3Tests-Info.plist"; sourceTree = "<group>"; };
		DABBEEB918D8DFBB007B323C /* en */ = {isa = PBXFileReference; lastKnownFileType = text.plist.strings; name = en; path = en.lproj/InfoPlist.strings; sourceTree = "<group>"; };
		DABBEEBB18D8DFBB007B323C /* StopWatch_TableViewTests.m */ = {isa = PBXFileReference; lastKnownFileType = sourcecode.c.objc; path = StopWatch_TableViewTests.m; sourceTree = "<group>"; };
/* End PBXFileReference section */

/* Begin PBXFrameworksBuildPhase section */
		DABBEE8A18D8DFBB007B323C /* Frameworks */ = {
			isa = PBXFrameworksBuildPhase;
			buildActionMask = 2147483647;
			files = (
				DABBEE9318D8DFBB007B323C /* CoreGraphics.framework in Frameworks */,
				DABBEE9518D8DFBB007B323C /* UIKit.framework in Frameworks */,
				DABBEE9118D8DFBB007B323C /* Foundation.framework in Frameworks */,
			);
			runOnlyForDeploymentPostprocessing = 0;
		};
		DABBEEAB18D8DFBB007B323C /* Frameworks */ = {
			isa = PBXFrameworksBuildPhase;
			buildActionMask = 2147483647;
			files = (
				DABBEEB018D8DFBB007B323C /* XCTest.framework in Frameworks */,
				DABBEEB218D8DFBB007B323C /* UIKit.framework in Frameworks */,
				DABBEEB118D8DFBB007B323C /* Foundation.framework in Frameworks */,
			);
			runOnlyForDeploymentPostprocessing = 0;
		};
/* End PBXFrameworksBuildPhase section */

/* Begin PBXGroup section */
		DABBEE8418D8DFBB007B323C = {
			isa = PBXGroup;
			children = (
				DABBEE9618D8DFBB007B323C /* StopWatch TableView */,
				DABBEEB518D8DFBB007B323C /* StopWatch TableViewTests */,
				DABBEE8F18D8DFBB007B323C /* Frameworks */,
				DABBEE8E18D8DFBB007B323C /* Products */,
			);
			sourceTree = "<group>";
		};
		DABBEE8E18D8DFBB007B323C /* Products */ = {
			isa = PBXGroup;
			children = (
				DABBEE8D18D8DFBB007B323C /* StopWatch TableView 13.3.app */,
				DABBEEAE18D8DFBB007B323C /* StopWatch TableView 13.3Tests.xctest */,
			);
			name = Products;
			sourceTree = "<group>";
		};
		DABBEE8F18D8DFBB007B323C /* Frameworks */ = {
			isa = PBXGroup;
			children = (
				DABBEE9018D8DFBB007B323C /* Foundation.framework */,
				DABBEE9218D8DFBB007B323C /* CoreGraphics.framework */,
				DABBEE9418D8DFBB007B323C /* UIKit.framework */,
				DABBEEAF18D8DFBB007B323C /* XCTest.framework */,
			);
			name = Frameworks;
			sourceTree = "<group>";
		};
		DABBEE9618D8DFBB007B323C /* StopWatch TableView */ = {
			isa = PBXGroup;
			children = (
				DA0230D018D8F23300B62595 /* StopButton@2x.png */,
				DA0230D118D8F23300B62595 /* StartButton@2x.png */,
				DABBEE9F18D8DFBB007B323C /* AppDelegate.h */,
				DABBEEA018D8DFBB007B323C /* AppDelegate.m */,
				DABBEEA218D8DFBB007B323C /* Main.storyboard */,
				DABBEEA518D8DFBB007B323C /* ViewController.h */,
				DABBEEA618D8DFBB007B323C /* ViewController.m */,
				DA0230D418D8F28500B62595 /* StopWatchTableViewCell.h */,
				DA0230D518D8F28500B62595 /* StopWatchTableViewCell.m */,
				DA0230D718D8F2B900B62595 /* StopWatchTableViewCell.xib */,
				DABBEEA818D8DFBB007B323C /* Images.xcassets */,
				DABBEE9718D8DFBB007B323C /* Supporting Files */,
			);
			path = "StopWatch TableView";
			sourceTree = "<group>";
		};
		DABBEE9718D8DFBB007B323C /* Supporting Files */ = {
			isa = PBXGroup;
			children = (
				DABBEE9818D8DFBB007B323C /* StopWatch TableView 13.3-Info.plist */,
				DABBEE9918D8DFBB007B323C /* InfoPlist.strings */,
				DABBEE9C18D8DFBB007B323C /* main.m */,
				DABBEE9E18D8DFBB007B323C /* StopWatch TableView 13.3-Prefix.pch */,
			);
			name = "Supporting Files";
			sourceTree = "<group>";
		};
		DABBEEB518D8DFBB007B323C /* StopWatch TableViewTests */ = {
			isa = PBXGroup;
			children = (
				DABBEEBB18D8DFBB007B323C /* StopWatch_TableViewTests.m */,
				DABBEEB618D8DFBB007B323C /* Supporting Files */,
			);
			path = "StopWatch TableViewTests";
			sourceTree = "<group>";
		};
		DABBEEB618D8DFBB007B323C /* Supporting Files */ = {
			isa = PBXGroup;
			children = (
				DABBEEB718D8DFBB007B323C /* StopWatch TableView 13.3Tests-Info.plist */,
				DABBEEB818D8DFBB007B323C /* InfoPlist.strings */,
			);
			name = "Supporting Files";
			sourceTree = "<group>";
		};
/* End PBXGroup section */

/* Begin PBXNativeTarget section */
		DABBEE8C18D8DFBB007B323C /* StopWatch TableView 13.3 */ = {
			isa = PBXNativeTarget;
			buildConfigurationList = DABBEEBF18D8DFBB007B323C /* Build configuration list for PBXNativeTarget "StopWatch TableView 13.3" */;
			buildPhases = (
				DABBEE8918D8DFBB007B323C /* Sources */,
				DABBEE8A18D8DFBB007B323C /* Frameworks */,
				DABBEE8B18D8DFBB007B323C /* Resources */,
			);
			buildRules = (
			);
			dependencies = (
			);
			name = "StopWatch TableView 13.3";
			productName = "StopWatch TableView";
			productReference = DABBEE8D18D8DFBB007B323C /* StopWatch TableView 13.3.app */;
			productType = "com.apple.product-type.application";
		};
		DABBEEAD18D8DFBB007B323C /* StopWatch TableView 13.3Tests */ = {
			isa = PBXNativeTarget;
			buildConfigurationList = DABBEEC218D8DFBB007B323C /* Build configuration list for PBXNativeTarget "StopWatch TableView 13.3Tests" */;
			buildPhases = (
				DABBEEAA18D8DFBB007B323C /* Sources */,
				DABBEEAB18D8DFBB007B323C /* Frameworks */,
				DABBEEAC18D8DFBB007B323C /* Resources */,
			);
			buildRules = (
			);
			dependencies = (
				DABBEEB418D8DFBB007B323C /* PBXTargetDependency */,
			);
			name = "StopWatch TableView 13.3Tests";
			productName = "StopWatch TableViewTests";
			productReference = DABBEEAE18D8DFBB007B323C /* StopWatch TableView 13.3Tests.xctest */;
			productType = "com.apple.product-type.bundle.unit-test";
		};
/* End PBXNativeTarget section */

/* Begin PBXProject section */
		DABBEE8518D8DFBB007B323C /* Project object */ = {
			isa = PBXProject;
			attributes = {
				LastUpgradeCheck = 0510;
				ORGANIZATIONNAME = "Paul Solt";
				TargetAttributes = {
					DABBEEAD18D8DFBB007B323C = {
						TestTargetID = DABBEE8C18D8DFBB007B323C;
					};
				};
			};
			buildConfigurationList = DABBEE8818D8DFBB007B323C /* Build configuration list for PBXProject "StopWatch TableView 13.3" */;
			compatibilityVersion = "Xcode 3.2";
			developmentRegion = English;
			hasScannedForEncodings = 0;
			knownRegions = (
				en,
				Base,
			);
			mainGroup = DABBEE8418D8DFBB007B323C;
			productRefGroup = DABBEE8E18D8DFBB007B323C /* Products */;
			projectDirPath = "";
			projectRoot = "";
			targets = (
				DABBEE8C18D8DFBB007B323C /* StopWatch TableView 13.3 */,
				DABBEEAD18D8DFBB007B323C /* StopWatch TableView 13.3Tests */,
			);
		};
/* End PBXProject section */

/* Begin PBXResourcesBuildPhase section */
		DABBEE8B18D8DFBB007B323C /* Resources */ = {
			isa = PBXResourcesBuildPhase;
			buildActionMask = 2147483647;
			files = (
				DA0230D218D8F23300B62595 /* StopButton@2x.png in Resources */,
				DABBEEA918D8DFBB007B323C /* Images.xcassets in Resources */,
				DABBEE9B18D8DFBB007B323C /* InfoPlist.strings in Resources */,
				DABBEEA418D8DFBB007B323C /* Main.storyboard in Resources */,
				DA0230D318D8F23300B62595 /* StartButton@2x.png in Resources */,
				DA0230D818D8F2B900B62595 /* StopWatchTableViewCell.xib in Resources */,
			);
			runOnlyForDeploymentPostprocessing = 0;
		};
		DABBEEAC18D8DFBB007B323C /* Resources */ = {
			isa = PBXResourcesBuildPhase;
			buildActionMask = 2147483647;
			files = (
				DABBEEBA18D8DFBB007B323C /* InfoPlist.strings in Resources */,
			);
			runOnlyForDeploymentPostprocessing = 0;
		};
/* End PBXResourcesBuildPhase section */

/* Begin PBXSourcesBuildPhase section */
		DABBEE8918D8DFBB007B323C /* Sources */ = {
			isa = PBXSourcesBuildPhase;
			buildActionMask = 2147483647;
			files = (
				DABBEEA718D8DFBB007B323C /* ViewController.m in Sources */,
				DABBEEA118D8DFBB007B323C /* AppDelegate.m in Sources */,
				DABBEE9D18D8DFBB007B323C /* main.m in Sources */,
				DA0230D618D8F28500B62595 /* StopWatchTableViewCell.m in Sources */,
			);
			runOnlyForDeploymentPostprocessing = 0;
		};
		DABBEEAA18D8DFBB007B323C /* Sources */ = {
			isa = PBXSourcesBuildPhase;
			buildActionMask = 2147483647;
			files = (
				DABBEEBC18D8DFBB007B323C /* StopWatch_TableViewTests.m in Sources */,
			);
			runOnlyForDeploymentPostprocessing = 0;
		};
/* End PBXSourcesBuildPhase section */

/* Begin PBXTargetDependency section */
		DABBEEB418D8DFBB007B323C /* PBXTargetDependency */ = {
			isa = PBXTargetDependency;
			target = DABBEE8C18D8DFBB007B323C /* StopWatch TableView 13.3 */;
			targetProxy = DABBEEB318D8DFBB007B323C /* PBXContainerItemProxy */;
		};
/* End PBXTargetDependency section */

/* Begin PBXVariantGroup section */
		DABBEE9918D8DFBB007B323C /* InfoPlist.strings */ = {
			isa = PBXVariantGroup;
			children = (
				DABBEE9A18D8DFBB007B323C /* en */,
			);
			name = InfoPlist.strings;
			sourceTree = "<group>";
		};
		DABBEEA218D8DFBB007B323C /* Main.storyboard */ = {
			isa = PBXVariantGroup;
			children = (
				DABBEEA318D8DFBB007B323C /* Base */,
			);
			name = Main.storyboard;
			sourceTree = "<group>";
		};
		DABBEEB818D8DFBB007B323C /* InfoPlist.strings */ = {
			isa = PBXVariantGroup;
			children = (
				DABBEEB918D8DFBB007B323C /* en */,
			);
			name = InfoPlist.strings;
			sourceTree = "<group>";
		};
/* End PBXVariantGroup section */

/* Begin XCBuildConfiguration section */
		DABBEEBD18D8DFBB007B323C /* Debug */ = {
			isa = XCBuildConfiguration;
			buildSettings = {
				ALWAYS_SEARCH_USER_PATHS = NO;
				CLANG_CXX_LANGUAGE_STANDARD = "gnu++0x";
				CLANG_CXX_LIBRARY = "libc++";
				CLANG_ENABLE_MODULES = YES;
				CLANG_ENABLE_OBJC_ARC = YES;
				CLANG_WARN_BOOL_CONVERSION = YES;
				CLANG_WARN_CONSTANT_CONVERSION = YES;
				CLANG_WARN_DIRECT_OBJC_ISA_USAGE = YES_ERROR;
				CLANG_WARN_EMPTY_BODY = YES;
				CLANG_WARN_ENUM_CONVERSION = YES;
				CLANG_WARN_INT_CONVERSION = YES;
				CLANG_WARN_OBJC_ROOT_CLASS = YES_ERROR;
				CLANG_WARN__DUPLICATE_METHOD_MATCH = YES;
				"CODE_SIGN_IDENTITY[sdk=iphoneos*]" = "iPhone Developer";
				COPY_PHASE_STRIP = NO;
				GCC_C_LANGUAGE_STANDARD = gnu99;
				GCC_DYNAMIC_NO_PIC = NO;
				GCC_OPTIMIZATION_LEVEL = 0;
				GCC_PREPROCESSOR_DEFINITIONS = (
					"DEBUG=1",
					"$(inherited)",
				);
				GCC_SYMBOLS_PRIVATE_EXTERN = NO;
				GCC_WARN_64_TO_32_BIT_CONVERSION = YES;
				GCC_WARN_ABOUT_RETURN_TYPE = YES_ERROR;
				GCC_WARN_UNDECLARED_SELECTOR = YES;
				GCC_WARN_UNINITIALIZED_AUTOS = YES_AGGRESSIVE;
				GCC_WARN_UNUSED_FUNCTION = YES;
				GCC_WARN_UNUSED_VARIABLE = YES;
				IPHONEOS_DEPLOYMENT_TARGET = 7.1;
				ONLY_ACTIVE_ARCH = YES;
				SDKROOT = iphoneos;
			};
			name = Debug;
		};
		DABBEEBE18D8DFBB007B323C /* Release */ = {
			isa = XCBuildConfiguration;
			buildSettings = {
				ALWAYS_SEARCH_USER_PATHS = NO;
				CLANG_CXX_LANGUAGE_STANDARD = "gnu++0x";
				CLANG_CXX_LIBRARY = "libc++";
				CLANG_ENABLE_MODULES = YES;
				CLANG_ENABLE_OBJC_ARC = YES;
				CLANG_WARN_BOOL_CONVERSION = YES;
				CLANG_WARN_CONSTANT_CONVERSION = YES;
				CLANG_WARN_DIRECT_OBJC_ISA_USAGE = YES_ERROR;
				CLANG_WARN_EMPTY_BODY = YES;
				CLANG_WARN_ENUM_CONVERSION = YES;
				CLANG_WARN_INT_CONVERSION = YES;
				CLANG_WARN_OBJC_ROOT_CLASS = YES_ERROR;
				CLANG_WARN__DUPLICATE_METHOD_MATCH = YES;
				"CODE_SIGN_IDENTITY[sdk=iphoneos*]" = "iPhone Developer";
				COPY_PHASE_STRIP = YES;
				ENABLE_NS_ASSERTIONS = NO;
				GCC_C_LANGUAGE_STANDARD = gnu99;
				GCC_WARN_64_TO_32_BIT_CONVERSION = YES;
				GCC_WARN_ABOUT_RETURN_TYPE = YES_ERROR;
				GCC_WARN_UNDECLARED_SELECTOR = YES;
				GCC_WARN_UNINITIALIZED_AUTOS = YES_AGGRESSIVE;
				GCC_WARN_UNUSED_FUNCTION = YES;
				GCC_WARN_UNUSED_VARIABLE = YES;
				IPHONEOS_DEPLOYMENT_TARGET = 7.1;
				SDKROOT = iphoneos;
				VALIDATE_PRODUCT = YES;
			};
			name = Release;
		};
		DABBEEC018D8DFBB007B323C /* Debug */ = {
			isa = XCBuildConfiguration;
			buildSettings = {
				ASSETCATALOG_COMPILER_APPICON_NAME = AppIcon;
				ASSETCATALOG_COMPILER_LAUNCHIMAGE_NAME = LaunchImage;
				GCC_PRECOMPILE_PREFIX_HEADER = YES;
				GCC_PREFIX_HEADER = "StopWatch TableView/StopWatch TableView 13.3-Prefix.pch";
				INFOPLIST_FILE = "StopWatch TableView/StopWatch TableView 13.3-Info.plist";
				PRODUCT_NAME = "StopWatch TableView 13.3";
				WRAPPER_EXTENSION = app;
			};
			name = Debug;
		};
		DABBEEC118D8DFBB007B323C /* Release */ = {
			isa = XCBuildConfiguration;
			buildSettings = {
				ASSETCATALOG_COMPILER_APPICON_NAME = AppIcon;
				ASSETCATALOG_COMPILER_LAUNCHIMAGE_NAME = LaunchImage;
				GCC_PRECOMPILE_PREFIX_HEADER = YES;
				GCC_PREFIX_HEADER = "StopWatch TableView/StopWatch TableView 13.3-Prefix.pch";
				INFOPLIST_FILE = "StopWatch TableView/StopWatch TableView 13.3-Info.plist";
				PRODUCT_NAME = "StopWatch TableView 13.3";
				WRAPPER_EXTENSION = app;
			};
			name = Release;
		};
		DABBEEC318D8DFBB007B323C /* Debug */ = {
			isa = XCBuildConfiguration;
			buildSettings = {
				BUNDLE_LOADER = "$(BUILT_PRODUCTS_DIR)/StopWatch TableView.app/StopWatch TableView";
				FRAMEWORK_SEARCH_PATHS = (
					"$(SDKROOT)/Developer/Library/Frameworks",
					"$(inherited)",
					"$(DEVELOPER_FRAMEWORKS_DIR)",
				);
				GCC_PRECOMPILE_PREFIX_HEADER = YES;
				GCC_PREFIX_HEADER = "StopWatch TableView/StopWatch TableView-Prefix.pch";
				GCC_PREPROCESSOR_DEFINITIONS = (
					"DEBUG=1",
					"$(inherited)",
				);
				INFOPLIST_FILE = "StopWatch TableViewTests/StopWatch TableView 13.3Tests-Info.plist";
				PRODUCT_NAME = "StopWatch TableView 13.3Tests";
				TEST_HOST = "$(BUNDLE_LOADER)";
				WRAPPER_EXTENSION = xctest;
			};
			name = Debug;
		};
		DABBEEC418D8DFBB007B323C /* Release */ = {
			isa = XCBuildConfiguration;
			buildSettings = {
				BUNDLE_LOADER = "$(BUILT_PRODUCTS_DIR)/StopWatch TableView.app/StopWatch TableView";
				FRAMEWORK_SEARCH_PATHS = (
					"$(SDKROOT)/Developer/Library/Frameworks",
					"$(inherited)",
					"$(DEVELOPER_FRAMEWORKS_DIR)",
				);
				GCC_PRECOMPILE_PREFIX_HEADER = YES;
				GCC_PREFIX_HEADER = "StopWatch TableView/StopWatch TableView-Prefix.pch";
				INFOPLIST_FILE = "StopWatch TableViewTests/StopWatch TableView 13.3Tests-Info.plist";
				PRODUCT_NAME = "StopWatch TableView 13.3Tests";
				TEST_HOST = "$(BUNDLE_LOADER)";
				WRAPPER_EXTENSION = xctest;
			};
			name = Release;
		};
/* End XCBuildConfiguration section */

/* Begin XCConfigurationList section */
		DABBEE8818D8DFBB007B323C /* Build configuration list for PBXProject "StopWatch TableView 13.3" */ = {
			isa = XCConfigurationList;
			buildConfigurations = (
				DABBEEBD18D8DFBB007B323C /* Debug */,
				DABBEEBE18D8DFBB007B323C /* Release */,
			);
			defaultConfigurationIsVisible = 0;
			defaultConfigurationName = Release;
		};
		DABBEEBF18D8DFBB007B323C /* Build configuration list for PBXNativeTarget "StopWatch TableView 13.3" */ = {
			isa = XCConfigurationList;
			buildConfigurations = (
				DABBEEC018D8DFBB007B323C /* Debug */,
				DABBEEC118D8DFBB007B323C /* Release */,
			);
			defaultConfigurationIsVisible = 0;
			defaultConfigurationName = Release;
		};
		DABBEEC218D8DFBB007B323C /* Build configuration list for PBXNativeTarget "StopWatch TableView 13.3Tests" */ = {
			isa = XCConfigurationList;
			buildConfigurations = (
				DABBEEC318D8DFBB007B323C /* Debug */,
				DABBEEC418D8DFBB007B323C /* Release */,
			);
			defaultConfigurationIsVisible = 0;
			defaultConfigurationName = Release;
		};
/* End XCConfigurationList section */
	};
	rootObject = DABBEE8518D8DFBB007B323C /* Project object */;
}
