// !$*UTF8*$!
{
	archiveVersion = 1;
	classes = {
	};
	objectVersion = 46;
	objects = {

/* Begin PBXBuildFile section */
		DAAF39221895E324002A6B01 /* Foundation.framework in Frameworks */ = {isa = PBXBuildFile; fileRef = DAAF39211895E324002A6B01 /* Foundation.framework */; };
		DAAF39241895E324002A6B01 /* CoreGraphics.framework in Frameworks */ = {isa = PBXBuildFile; fileRef = DAAF39231895E324002A6B01 /* CoreGraphics.framework */; };
		DAAF39261895E324002A6B01 /* UIKit.framework in Frameworks */ = {isa = PBXBuildFile; fileRef = DAAF39251895E324002A6B01 /* UIKit.framework */; };
		DAAF392C1895E324002A6B01 /* InfoPlist.strings in Resources */ = {isa = PBXBuildFile; fileRef = DAAF392A1895E324002A6B01 /* InfoPlist.strings */; };
		DAAF392E1895E324002A6B01 /* main.m in Sources */ = {isa = PBXBuildFile; fileRef = DAAF392D1895E324002A6B01 /* main.m */; };
		DAAF39321895E324002A6B01 /* AppDelegate.m in Sources */ = {isa = PBXBuildFile; fileRef = DAAF39311895E324002A6B01 /* AppDelegate.m */; };
		DAAF39351895E324002A6B01 /* Main.storyboard in Resources */ = {isa = PBXBuildFile; fileRef = DAAF39331895E324002A6B01 /* Main.storyboard */; };
		DAAF39381895E324002A6B01 /* ViewController.m in Sources */ = {isa = PBXBuildFile; fileRef = DAAF39371895E324002A6B01 /* ViewController.m */; };
		DAAF393A1895E324002A6B01 /* Images.xcassets in Resources */ = {isa = PBXBuildFile; fileRef = DAAF39391895E324002A6B01 /* Images.xcassets */; };
		DAAF39411895E324002A6B01 /* XCTest.framework in Frameworks */ = {isa = PBXBuildFile; fileRef = DAAF39401895E324002A6B01 /* XCTest.framework */; };
		DAAF39421895E324002A6B01 /* Foundation.framework in Frameworks */ = {isa = PBXBuildFile; fileRef = DAAF39211895E324002A6B01 /* Foundation.framework */; };
		DAAF39431895E324002A6B01 /* UIKit.framework in Frameworks */ = {isa = PBXBuildFile; fileRef = DAAF39251895E324002A6B01 /* UIKit.framework */; };
		DAAF394B1895E324002A6B01 /* InfoPlist.strings in Resources */ = {isa = PBXBuildFile; fileRef = DAAF39491895E324002A6B01 /* InfoPlist.strings */; };
		DAAF394D1895E324002A6B01 /* AutoLayoutPrimerTests.m in Sources */ = {isa = PBXBuildFile; fileRef = DAAF394C1895E324002A6B01 /* AutoLayoutPrimerTests.m */; };
/* End PBXBuildFile section */

/* Begin PBXContainerItemProxy section */
		DAAF39441895E324002A6B01 /* PBXContainerItemProxy */ = {
			isa = PBXContainerItemProxy;
			containerPortal = DAAF39161895E324002A6B01 /* Project object */;
			proxyType = 1;
			remoteGlobalIDString = DAAF391D1895E324002A6B01;
			remoteInfo = AutoLayoutPrimer;
		};
/* End PBXContainerItemProxy section */

/* Begin PBXFileReference section */
		DAAF391E1895E324002A6B01 /* AutoLayoutPrimer.app */ = {isa = PBXFileReference; explicitFileType = wrapper.application; includeInIndex = 0; path = AutoLayoutPrimer.app; sourceTree = BUILT_PRODUCTS_DIR; };
		DAAF39211895E324002A6B01 /* Foundation.framework */ = {isa = PBXFileReference; lastKnownFileType = wrapper.framework; name = Foundation.framework; path = System/Library/Frameworks/Foundation.framework; sourceTree = SDKROOT; };
		DAAF39231895E324002A6B01 /* CoreGraphics.framework */ = {isa = PBXFileReference; lastKnownFileType = wrapper.framework; name = CoreGraphics.framework; path = System/Library/Frameworks/CoreGraphics.framework; sourceTree = SDKROOT; };
		DAAF39251895E324002A6B01 /* UIKit.framework */ = {isa = PBXFileReference; lastKnownFileType = wrapper.framework; name = UIKit.framework; path = System/Library/Frameworks/UIKit.framework; sourceTree = SDKROOT; };
		DAAF39291895E324002A6B01 /* AutoLayoutPrimer-Info.plist */ = {isa = PBXFileReference; lastKnownFileType = text.plist.xml; path = "AutoLayoutPrimer-Info.plist"; sourceTree = "<group>"; };
		DAAF392B1895E324002A6B01 /* en */ = {isa = PBXFileReference; lastKnownFileType = text.plist.strings; name = en; path = en.lproj/InfoPlist.strings; sourceTree = "<group>"; };
		DAAF392D1895E324002A6B01 /* main.m */ = {isa = PBXFileReference; lastKnownFileType = sourcecode.c.objc; path = main.m; sourceTree = "<group>"; };
		DAAF392F1895E324002A6B01 /* AutoLayoutPrimer-Prefix.pch */ = {isa = PBXFileReference; lastKnownFileType = sourcecode.c.h; path = "AutoLayoutPrimer-Prefix.pch"; sourceTree = "<group>"; };
		DAAF39301895E324002A6B01 /* AppDelegate.h */ = {isa = PBXFileReference; lastKnownFileType = sourcecode.c.h; path = AppDelegate.h; sourceTree = "<group>"; };
		DAAF39311895E324002A6B01 /* AppDelegate.m */ = {isa = PBXFileReference; lastKnownFileType = sourcecode.c.objc; path = AppDelegate.m; sourceTree = "<group>"; };
		DAAF39341895E324002A6B01 /* Base */ = {isa = PBXFileReference; lastKnownFileType = file.storyboard; name = Base; path = Base.lproj/Main.storyboard; sourceTree = "<group>"; };
		DAAF39361895E324002A6B01 /* ViewController.h */ = {isa = PBXFileReference; lastKnownFileType = sourcecode.c.h; path = ViewController.h; sourceTree = "<group>"; };
		DAAF39371895E324002A6B01 /* ViewController.m */ = {isa = PBXFileReference; lastKnownFileType = sourcecode.c.objc; path = ViewController.m; sourceTree = "<group>"; };
		DAAF39391895E324002A6B01 /* Images.xcassets */ = {isa = PBXFileReference; lastKnownFileType = folder.assetcatalog; path = Images.xcassets; sourceTree = "<group>"; };
		DAAF393F1895E324002A6B01 /* AutoLayoutPrimerTests.xctest */ = {isa = PBXFileReference; explicitFileType = wrapper.cfbundle; includeInIndex = 0; path = AutoLayoutPrimerTests.xctest; sourceTree = BUILT_PRODUCTS_DIR; };
		DAAF39401895E324002A6B01 /* XCTest.framework */ = {isa = PBXFileReference; lastKnownFileType = wrapper.framework; name = XCTest.framework; path = Library/Frameworks/XCTest.framework; sourceTree = DEVELOPER_DIR; };
		DAAF39481895E324002A6B01 /* AutoLayoutPrimerTests-Info.plist */ = {isa = PBXFileReference; lastKnownFileType = text.plist.xml; path = "AutoLayoutPrimerTests-Info.plist"; sourceTree = "<group>"; };
		DAAF394A1895E324002A6B01 /* en */ = {isa = PBXFileReference; lastKnownFileType = text.plist.strings; name = en; path = en.lproj/InfoPlist.strings; sourceTree = "<group>"; };
		DAAF394C1895E324002A6B01 /* AutoLayoutPrimerTests.m */ = {isa = PBXFileReference; lastKnownFileType = sourcecode.c.objc; path = AutoLayoutPrimerTests.m; sourceTree = "<group>"; };
/* End PBXFileReference section */

/* Begin PBXFrameworksBuildPhase section */
		DAAF391B1895E324002A6B01 /* Frameworks */ = {
			isa = PBXFrameworksBuildPhase;
			buildActionMask = 2147483647;
			files = (
				DAAF39241895E324002A6B01 /* CoreGraphics.framework in Frameworks */,
				DAAF39261895E324002A6B01 /* UIKit.framework in Frameworks */,
				DAAF39221895E324002A6B01 /* Foundation.framework in Frameworks */,
			);
			runOnlyForDeploymentPostprocessing = 0;
		};
		DAAF393C1895E324002A6B01 /* Frameworks */ = {
			isa = PBXFrameworksBuildPhase;
			buildActionMask = 2147483647;
			files = (
				DAAF39411895E324002A6B01 /* XCTest.framework in Frameworks */,
				DAAF39431895E324002A6B01 /* UIKit.framework in Frameworks */,
				DAAF39421895E324002A6B01 /* Foundation.framework in Frameworks */,
			);
			runOnlyForDeploymentPostprocessing = 0;
		};
/* End PBXFrameworksBuildPhase section */

/* Begin PBXGroup section */
		DAAF39151895E324002A6B01 = {
			isa = PBXGroup;
			children = (
				DAAF39271895E324002A6B01 /* AutoLayoutPrimer */,
				DAAF39461895E324002A6B01 /* AutoLayoutPrimerTests */,
				DAAF39201895E324002A6B01 /* Frameworks */,
				DAAF391F1895E324002A6B01 /* Products */,
			);
			sourceTree = "<group>";
		};
		DAAF391F1895E324002A6B01 /* Products */ = {
			isa = PBXGroup;
			children = (
				DAAF391E1895E324002A6B01 /* AutoLayoutPrimer.app */,
				DAAF393F1895E324002A6B01 /* AutoLayoutPrimerTests.xctest */,
			);
			name = Products;
			sourceTree = "<group>";
		};
		DAAF39201895E324002A6B01 /* Frameworks */ = {
			isa = PBXGroup;
			children = (
				DAAF39211895E324002A6B01 /* Foundation.framework */,
				DAAF39231895E324002A6B01 /* CoreGraphics.framework */,
				DAAF39251895E324002A6B01 /* UIKit.framework */,
				DAAF39401895E324002A6B01 /* XCTest.framework */,
			);
			name = Frameworks;
			sourceTree = "<group>";
		};
		DAAF39271895E324002A6B01 /* AutoLayoutPrimer */ = {
			isa = PBXGroup;
			children = (
				DAAF39301895E324002A6B01 /* AppDelegate.h */,
				DAAF39311895E324002A6B01 /* AppDelegate.m */,
				DAAF39331895E324002A6B01 /* Main.storyboard */,
				DAAF39361895E324002A6B01 /* ViewController.h */,
				DAAF39371895E324002A6B01 /* ViewController.m */,
				DAAF39391895E324002A6B01 /* Images.xcassets */,
				DAAF39281895E324002A6B01 /* Supporting Files */,
			);
			path = AutoLayoutPrimer;
			sourceTree = "<group>";
		};
		DAAF39281895E324002A6B01 /* Supporting Files */ = {
			isa = PBXGroup;
			children = (
				DAAF39291895E324002A6B01 /* AutoLayoutPrimer-Info.plist */,
				DAAF392A1895E324002A6B01 /* InfoPlist.strings */,
				DAAF392D1895E324002A6B01 /* main.m */,
				DAAF392F1895E324002A6B01 /* AutoLayoutPrimer-Prefix.pch */,
			);
			name = "Supporting Files";
			sourceTree = "<group>";
		};
		DAAF39461895E324002A6B01 /* AutoLayoutPrimerTests */ = {
			isa = PBXGroup;
			children = (
				DAAF394C1895E324002A6B01 /* AutoLayoutPrimerTests.m */,
				DAAF39471895E324002A6B01 /* Supporting Files */,
			);
			path = AutoLayoutPrimerTests;
			sourceTree = "<group>";
		};
		DAAF39471895E324002A6B01 /* Supporting Files */ = {
			isa = PBXGroup;
			children = (
				DAAF39481895E324002A6B01 /* AutoLayoutPrimerTests-Info.plist */,
				DAAF39491895E324002A6B01 /* InfoPlist.strings */,
			);
			name = "Supporting Files";
			sourceTree = "<group>";
		};
/* End PBXGroup section */

/* Begin PBXNativeTarget section */
		DAAF391D1895E324002A6B01 /* AutoLayoutPrimer */ = {
			isa = PBXNativeTarget;
			buildConfigurationList = DAAF39501895E324002A6B01 /* Build configuration list for PBXNativeTarget "AutoLayoutPrimer" */;
			buildPhases = (
				DAAF391A1895E324002A6B01 /* Sources */,
				DAAF391B1895E324002A6B01 /* Frameworks */,
				DAAF391C1895E324002A6B01 /* Resources */,
			);
			buildRules = (
			);
			dependencies = (
			);
			name = AutoLayoutPrimer;
			productName = AutoLayoutPrimer;
			productReference = DAAF391E1895E324002A6B01 /* AutoLayoutPrimer.app */;
			productType = "com.apple.product-type.application";
		};
		DAAF393E1895E324002A6B01 /* AutoLayoutPrimerTests */ = {
			isa = PBXNativeTarget;
			buildConfigurationList = DAAF39531895E324002A6B01 /* Build configuration list for PBXNativeTarget "AutoLayoutPrimerTests" */;
			buildPhases = (
				DAAF393B1895E324002A6B01 /* Sources */,
				DAAF393C1895E324002A6B01 /* Frameworks */,
				DAAF393D1895E324002A6B01 /* Resources */,
			);
			buildRules = (
			);
			dependencies = (
				DAAF39451895E324002A6B01 /* PBXTargetDependency */,
			);
			name = AutoLayoutPrimerTests;
			productName = AutoLayoutPrimerTests;
			productReference = DAAF393F1895E324002A6B01 /* AutoLayoutPrimerTests.xctest */;
			productType = "com.apple.product-type.bundle.unit-test";
		};
/* End PBXNativeTarget section */

/* Begin PBXProject section */
		DAAF39161895E324002A6B01 /* Project object */ = {
			isa = PBXProject;
			attributes = {
				LastUpgradeCheck = 0500;
				ORGANIZATIONNAME = "Paul Solt";
				TargetAttributes = {
					DAAF393E1895E324002A6B01 = {
						TestTargetID = DAAF391D1895E324002A6B01;
					};
				};
			};
			buildConfigurationList = DAAF39191895E324002A6B01 /* Build configuration list for PBXProject "AutoLayoutPrimer" */;
			compatibilityVersion = "Xcode 3.2";
			developmentRegion = English;
			hasScannedForEncodings = 0;
			knownRegions = (
				en,
				Base,
			);
			mainGroup = DAAF39151895E324002A6B01;
			productRefGroup = DAAF391F1895E324002A6B01 /* Products */;
			projectDirPath = "";
			projectRoot = "";
			targets = (
				DAAF391D1895E324002A6B01 /* AutoLayoutPrimer */,
				DAAF393E1895E324002A6B01 /* AutoLayoutPrimerTests */,
			);
		};
/* End PBXProject section */

/* Begin PBXResourcesBuildPhase section */
		DAAF391C1895E324002A6B01 /* Resources */ = {
			isa = PBXResourcesBuildPhase;
			buildActionMask = 2147483647;
			files = (
				DAAF393A1895E324002A6B01 /* Images.xcassets in Resources */,
				DAAF392C1895E324002A6B01 /* InfoPlist.strings in Resources */,
				DAAF39351895E324002A6B01 /* Main.storyboard in Resources */,
			);
			runOnlyForDeploymentPostprocessing = 0;
		};
		DAAF393D1895E324002A6B01 /* Resources */ = {
			isa = PBXResourcesBuildPhase;
			buildActionMask = 2147483647;
			files = (
				DAAF394B1895E324002A6B01 /* InfoPlist.strings in Resources */,
			);
			runOnlyForDeploymentPostprocessing = 0;
		};
/* End PBXResourcesBuildPhase section */

/* Begin PBXSourcesBuildPhase section */
		DAAF391A1895E324002A6B01 /* Sources */ = {
			isa = PBXSourcesBuildPhase;
			buildActionMask = 2147483647;
			files = (
				DAAF39381895E324002A6B01 /* ViewController.m in Sources */,
				DAAF39321895E324002A6B01 /* AppDelegate.m in Sources */,
				DAAF392E1895E324002A6B01 /* main.m in Sources */,
			);
			runOnlyForDeploymentPostprocessing = 0;
		};
		DAAF393B1895E324002A6B01 /* Sources */ = {
			isa = PBXSourcesBuildPhase;
			buildActionMask = 2147483647;
			files = (
				DAAF394D1895E324002A6B01 /* AutoLayoutPrimerTests.m in Sources */,
			);
			runOnlyForDeploymentPostprocessing = 0;
		};
/* End PBXSourcesBuildPhase section */

/* Begin PBXTargetDependency section */
		DAAF39451895E324002A6B01 /* PBXTargetDependency */ = {
			isa = PBXTargetDependency;
			target = DAAF391D1895E324002A6B01 /* AutoLayoutPrimer */;
			targetProxy = DAAF39441895E324002A6B01 /* PBXContainerItemProxy */;
		};
/* End PBXTargetDependency section */

/* Begin PBXVariantGroup section */
		DAAF392A1895E324002A6B01 /* InfoPlist.strings */ = {
			isa = PBXVariantGroup;
			children = (
				DAAF392B1895E324002A6B01 /* en */,
			);
			name = InfoPlist.strings;
			sourceTree = "<group>";
		};
		DAAF39331895E324002A6B01 /* Main.storyboard */ = {
			isa = PBXVariantGroup;
			children = (
				DAAF39341895E324002A6B01 /* Base */,
			);
			name = Main.storyboard;
			sourceTree = "<group>";
		};
		DAAF39491895E324002A6B01 /* InfoPlist.strings */ = {
			isa = PBXVariantGroup;
			children = (
				DAAF394A1895E324002A6B01 /* en */,
			);
			name = InfoPlist.strings;
			sourceTree = "<group>";
		};
/* End PBXVariantGroup section */

/* Begin XCBuildConfiguration section */
		DAAF394E1895E324002A6B01 /* Debug */ = {
			isa = XCBuildConfiguration;
			buildSettings = {
				ALWAYS_SEARCH_USER_PATHS = NO;
				ARCHS = "$(ARCHS_STANDARD_INCLUDING_64_BIT)";
				CLANG_CXX_LANGUAGE_STANDARD = "gnu++0x";
				CLANG_CXX_LIBRARY = "libc++";
				CLANG_ENABLE_MODULES = YES;
				CLANG_ENABLE_OBJC_ARC = YES;
				CLANG_WARN_BOOL_CONVERSION = YES;
				CLANG_WARN_CONSTANT_CONVERSION = YES;
				CLANG_WARN_DIRECT_OBJC_ISA_USAGE = YES_ERROR;
				CLANG_WARN_EMPTY_BODY = YES;
				CLANG_WARN_ENUM_CONVERSION = YES;
				CLANG_WARN_INT_CONVERSION = YES;
				CLANG_WARN_OBJC_ROOT_CLASS = YES_ERROR;
				CLANG_WARN__DUPLICATE_METHOD_MATCH = YES;
				"CODE_SIGN_IDENTITY[sdk=iphoneos*]" = "iPhone Developer";
				COPY_PHASE_STRIP = NO;
				GCC_C_LANGUAGE_STANDARD = gnu99;
				GCC_DYNAMIC_NO_PIC = NO;
				GCC_OPTIMIZATION_LEVEL = 0;
				GCC_PREPROCESSOR_DEFINITIONS = (
					"DEBUG=1",
					"$(inherited)",
				);
				GCC_SYMBOLS_PRIVATE_EXTERN = NO;
				GCC_WARN_64_TO_32_BIT_CONVERSION = YES;
				GCC_WARN_ABOUT_RETURN_TYPE = YES_ERROR;
				GCC_WARN_UNDECLARED_SELECTOR = YES;
				GCC_WARN_UNINITIALIZED_AUTOS = YES;
				GCC_WARN_UNUSED_FUNCTION = YES;
				GCC_WARN_UNUSED_VARIABLE = YES;
				IPHONEOS_DEPLOYMENT_TARGET = 7.0;
				ONLY_ACTIVE_ARCH = YES;
				SDKROOT = iphoneos;
			};
			name = Debug;
		};
		DAAF394F1895E324002A6B01 /* Release */ = {
			isa = XCBuildConfiguration;
			buildSettings = {
				ALWAYS_SEARCH_USER_PATHS = NO;
				ARCHS = "$(ARCHS_STANDARD_INCLUDING_64_BIT)";
				CLANG_CXX_LANGUAGE_STANDARD = "gnu++0x";
				CLANG_CXX_LIBRARY = "libc++";
				CLANG_ENABLE_MODULES = YES;
				CLANG_ENABLE_OBJC_ARC = YES;
				CLANG_WARN_BOOL_CONVERSION = YES;
				CLANG_WARN_CONSTANT_CONVERSION = YES;
				CLANG_WARN_DIRECT_OBJC_ISA_USAGE = YES_ERROR;
				CLANG_WARN_EMPTY_BODY = YES;
				CLANG_WARN_ENUM_CONVERSION = YES;
				CLANG_WARN_INT_CONVERSION = YES;
				CLANG_WARN_OBJC_ROOT_CLASS = YES_ERROR;
				CLANG_WARN__DUPLICATE_METHOD_MATCH = YES;
				"CODE_SIGN_IDENTITY[sdk=iphoneos*]" = "iPhone Developer";
				COPY_PHASE_STRIP = YES;
				ENABLE_NS_ASSERTIONS = NO;
				GCC_C_LANGUAGE_STANDARD = gnu99;
				GCC_WARN_64_TO_32_BIT_CONVERSION = YES;
				GCC_WARN_ABOUT_RETURN_TYPE = YES_ERROR;
				GCC_WARN_UNDECLARED_SELECTOR = YES;
				GCC_WARN_UNINITIALIZED_AUTOS = YES;
				GCC_WARN_UNUSED_FUNCTION = YES;
				GCC_WARN_UNUSED_VARIABLE = YES;
				IPHONEOS_DEPLOYMENT_TARGET = 7.0;
				SDKROOT = iphoneos;
				VALIDATE_PRODUCT = YES;
			};
			name = Release;
		};
		DAAF39511895E324002A6B01 /* Debug */ = {
			isa = XCBuildConfiguration;
			buildSettings = {
				ASSETCATALOG_COMPILER_APPICON_NAME = AppIcon;
				ASSETCATALOG_COMPILER_LAUNCHIMAGE_NAME = LaunchImage;
				GCC_PRECOMPILE_PREFIX_HEADER = YES;
				GCC_PREFIX_HEADER = "AutoLayoutPrimer/AutoLayoutPrimer-Prefix.pch";
				INFOPLIST_FILE = "AutoLayoutPrimer/AutoLayoutPrimer-Info.plist";
				PRODUCT_NAME = "$(TARGET_NAME)";
				WRAPPER_EXTENSION = app;
			};
			name = Debug;
		};
		DAAF39521895E324002A6B01 /* Release */ = {
			isa = XCBuildConfiguration;
			buildSettings = {
				ASSETCATALOG_COMPILER_APPICON_NAME = AppIcon;
				ASSETCATALOG_COMPILER_LAUNCHIMAGE_NAME = LaunchImage;
				GCC_PRECOMPILE_PREFIX_HEADER = YES;
				GCC_PREFIX_HEADER = "AutoLayoutPrimer/AutoLayoutPrimer-Prefix.pch";
				INFOPLIST_FILE = "AutoLayoutPrimer/AutoLayoutPrimer-Info.plist";
				PRODUCT_NAME = "$(TARGET_NAME)";
				WRAPPER_EXTENSION = app;
			};
			name = Release;
		};
		DAAF39541895E324002A6B01 /* Debug */ = {
			isa = XCBuildConfiguration;
			buildSettings = {
				ARCHS = "$(ARCHS_STANDARD_INCLUDING_64_BIT)";
				BUNDLE_LOADER = "$(BUILT_PRODUCTS_DIR)/AutoLayoutPrimer.app/AutoLayoutPrimer";
				FRAMEWORK_SEARCH_PATHS = (
					"$(SDKROOT)/Developer/Library/Frameworks",
					"$(inherited)",
					"$(DEVELOPER_FRAMEWORKS_DIR)",
				);
				GCC_PRECOMPILE_PREFIX_HEADER = YES;
				GCC_PREFIX_HEADER = "AutoLayoutPrimer/AutoLayoutPrimer-Prefix.pch";
				GCC_PREPROCESSOR_DEFINITIONS = (
					"DEBUG=1",
					"$(inherited)",
				);
				INFOPLIST_FILE = "AutoLayoutPrimerTests/AutoLayoutPrimerTests-Info.plist";
				PRODUCT_NAME = "$(TARGET_NAME)";
				TEST_HOST = "$(BUNDLE_LOADER)";
				WRAPPER_EXTENSION = xctest;
			};
			name = Debug;
		};
		DAAF39551895E324002A6B01 /* Release */ = {
			isa = XCBuildConfiguration;
			buildSettings = {
				ARCHS = "$(ARCHS_STANDARD_INCLUDING_64_BIT)";
				BUNDLE_LOADER = "$(BUILT_PRODUCTS_DIR)/AutoLayoutPrimer.app/AutoLayoutPrimer";
				FRAMEWORK_SEARCH_PATHS = (
					"$(SDKROOT)/Developer/Library/Frameworks",
					"$(inherited)",
					"$(DEVELOPER_FRAMEWORKS_DIR)",
				);
				GCC_PRECOMPILE_PREFIX_HEADER = YES;
				GCC_PREFIX_HEADER = "AutoLayoutPrimer/AutoLayoutPrimer-Prefix.pch";
				INFOPLIST_FILE = "AutoLayoutPrimerTests/AutoLayoutPrimerTests-Info.plist";
				PRODUCT_NAME = "$(TARGET_NAME)";
				TEST_HOST = "$(BUNDLE_LOADER)";
				WRAPPER_EXTENSION = xctest;
			};
			name = Release;
		};
/* End XCBuildConfiguration section */

/* Begin XCConfigurationList section */
		DAAF39191895E324002A6B01 /* Build configuration list for PBXProject "AutoLayoutPrimer" */ = {
			isa = XCConfigurationList;
			buildConfigurations = (
				DAAF394E1895E324002A6B01 /* Debug */,
				DAAF394F1895E324002A6B01 /* Release */,
			);
			defaultConfigurationIsVisible = 0;
			defaultConfigurationName = Release;
		};
		DAAF39501895E324002A6B01 /* Build configuration list for PBXNativeTarget "AutoLayoutPrimer" */ = {
			isa = XCConfigurationList;
			buildConfigurations = (
				DAAF39511895E324002A6B01 /* Debug */,
				DAAF39521895E324002A6B01 /* Release */,
			);
			defaultConfigurationIsVisible = 0;
		};
		DAAF39531895E324002A6B01 /* Build configuration list for PBXNativeTarget "AutoLayoutPrimerTests" */ = {
			isa = XCConfigurationList;
			buildConfigurations = (
				DAAF39541895E324002A6B01 /* Debug */,
				DAAF39551895E324002A6B01 /* Release */,
			);
			defaultConfigurationIsVisible = 0;
		};
/* End XCConfigurationList section */
	};
	rootObject = DAAF39161895E324002A6B01 /* Project object */;
}
