// !$*UTF8*$!
{
	archiveVersion = 1;
	classes = {
	};
	objectVersion = 46;
	objects = {

/* Begin PBXBuildFile section */
		DA795D6E18CFDE2100611C49 /* Foundation.framework in Frameworks */ = {isa = PBXBuildFile; fileRef = DA795D6D18CFDE2100611C49 /* Foundation.framework */; };
		DA795D7018CFDE2100611C49 /* CoreGraphics.framework in Frameworks */ = {isa = PBXBuildFile; fileRef = DA795D6F18CFDE2100611C49 /* CoreGraphics.framework */; };
		DA795D7218CFDE2100611C49 /* UIKit.framework in Frameworks */ = {isa = PBXBuildFile; fileRef = DA795D7118CFDE2100611C49 /* UIKit.framework */; };
		DA795D7818CFDE2100611C49 /* InfoPlist.strings in Resources */ = {isa = PBXBuildFile; fileRef = DA795D7618CFDE2100611C49 /* InfoPlist.strings */; };
		DA795D7A18CFDE2100611C49 /* main.m in Sources */ = {isa = PBXBuildFile; fileRef = DA795D7918CFDE2100611C49 /* main.m */; };
		DA795D7E18CFDE2100611C49 /* AppDelegate.m in Sources */ = {isa = PBXBuildFile; fileRef = DA795D7D18CFDE2100611C49 /* AppDelegate.m */; };
		DA795D8118CFDE2200611C49 /* Main.storyboard in Resources */ = {isa = PBXBuildFile; fileRef = DA795D7F18CFDE2200611C49 /* Main.storyboard */; };
		DA795D8418CFDE2200611C49 /* ViewController.m in Sources */ = {isa = PBXBuildFile; fileRef = DA795D8318CFDE2200611C49 /* ViewController.m */; };
		DA795D8618CFDE2200611C49 /* Images.xcassets in Resources */ = {isa = PBXBuildFile; fileRef = DA795D8518CFDE2200611C49 /* Images.xcassets */; };
		DA795D8D18CFDE2200611C49 /* XCTest.framework in Frameworks */ = {isa = PBXBuildFile; fileRef = DA795D8C18CFDE2200611C49 /* XCTest.framework */; };
		DA795D8E18CFDE2200611C49 /* Foundation.framework in Frameworks */ = {isa = PBXBuildFile; fileRef = DA795D6D18CFDE2100611C49 /* Foundation.framework */; };
		DA795D8F18CFDE2200611C49 /* UIKit.framework in Frameworks */ = {isa = PBXBuildFile; fileRef = DA795D7118CFDE2100611C49 /* UIKit.framework */; };
		DA795D9718CFDE2200611C49 /* InfoPlist.strings in Resources */ = {isa = PBXBuildFile; fileRef = DA795D9518CFDE2200611C49 /* InfoPlist.strings */; };
		DA795D9918CFDE2200611C49 /* ScreenBoundariesTests.m in Sources */ = {isa = PBXBuildFile; fileRef = DA795D9818CFDE2200611C49 /* ScreenBoundariesTests.m */; };
/* End PBXBuildFile section */

/* Begin PBXContainerItemProxy section */
		DA795D9018CFDE2200611C49 /* PBXContainerItemProxy */ = {
			isa = PBXContainerItemProxy;
			containerPortal = DA795D6218CFDE2100611C49 /* Project object */;
			proxyType = 1;
			remoteGlobalIDString = DA795D6918CFDE2100611C49;
			remoteInfo = ScreenBoundaries;
		};
/* End PBXContainerItemProxy section */

/* Begin PBXFileReference section */
		DA795D6A18CFDE2100611C49 /* ScreenBoundaries.app */ = {isa = PBXFileReference; explicitFileType = wrapper.application; includeInIndex = 0; path = ScreenBoundaries.app; sourceTree = BUILT_PRODUCTS_DIR; };
		DA795D6D18CFDE2100611C49 /* Foundation.framework */ = {isa = PBXFileReference; lastKnownFileType = wrapper.framework; name = Foundation.framework; path = System/Library/Frameworks/Foundation.framework; sourceTree = SDKROOT; };
		DA795D6F18CFDE2100611C49 /* CoreGraphics.framework */ = {isa = PBXFileReference; lastKnownFileType = wrapper.framework; name = CoreGraphics.framework; path = System/Library/Frameworks/CoreGraphics.framework; sourceTree = SDKROOT; };
		DA795D7118CFDE2100611C49 /* UIKit.framework */ = {isa = PBXFileReference; lastKnownFileType = wrapper.framework; name = UIKit.framework; path = System/Library/Frameworks/UIKit.framework; sourceTree = SDKROOT; };
		DA795D7518CFDE2100611C49 /* ScreenBoundaries-Info.plist */ = {isa = PBXFileReference; lastKnownFileType = text.plist.xml; path = "ScreenBoundaries-Info.plist"; sourceTree = "<group>"; };
		DA795D7718CFDE2100611C49 /* en */ = {isa = PBXFileReference; lastKnownFileType = text.plist.strings; name = en; path = en.lproj/InfoPlist.strings; sourceTree = "<group>"; };
		DA795D7918CFDE2100611C49 /* main.m */ = {isa = PBXFileReference; lastKnownFileType = sourcecode.c.objc; path = main.m; sourceTree = "<group>"; };
		DA795D7B18CFDE2100611C49 /* ScreenBoundaries-Prefix.pch */ = {isa = PBXFileReference; lastKnownFileType = sourcecode.c.h; path = "ScreenBoundaries-Prefix.pch"; sourceTree = "<group>"; };
		DA795D7C18CFDE2100611C49 /* AppDelegate.h */ = {isa = PBXFileReference; lastKnownFileType = sourcecode.c.h; path = AppDelegate.h; sourceTree = "<group>"; };
		DA795D7D18CFDE2100611C49 /* AppDelegate.m */ = {isa = PBXFileReference; lastKnownFileType = sourcecode.c.objc; path = AppDelegate.m; sourceTree = "<group>"; };
		DA795D8018CFDE2200611C49 /* Base */ = {isa = PBXFileReference; lastKnownFileType = file.storyboard; name = Base; path = Base.lproj/Main.storyboard; sourceTree = "<group>"; };
		DA795D8218CFDE2200611C49 /* ViewController.h */ = {isa = PBXFileReference; lastKnownFileType = sourcecode.c.h; path = ViewController.h; sourceTree = "<group>"; };
		DA795D8318CFDE2200611C49 /* ViewController.m */ = {isa = PBXFileReference; lastKnownFileType = sourcecode.c.objc; path = ViewController.m; sourceTree = "<group>"; };
		DA795D8518CFDE2200611C49 /* Images.xcassets */ = {isa = PBXFileReference; lastKnownFileType = folder.assetcatalog; path = Images.xcassets; sourceTree = "<group>"; };
		DA795D8B18CFDE2200611C49 /* ScreenBoundariesTests.xctest */ = {isa = PBXFileReference; explicitFileType = wrapper.cfbundle; includeInIndex = 0; path = ScreenBoundariesTests.xctest; sourceTree = BUILT_PRODUCTS_DIR; };
		DA795D8C18CFDE2200611C49 /* XCTest.framework */ = {isa = PBXFileReference; lastKnownFileType = wrapper.framework; name = XCTest.framework; path = Library/Frameworks/XCTest.framework; sourceTree = DEVELOPER_DIR; };
		DA795D9418CFDE2200611C49 /* ScreenBoundariesTests-Info.plist */ = {isa = PBXFileReference; lastKnownFileType = text.plist.xml; path = "ScreenBoundariesTests-Info.plist"; sourceTree = "<group>"; };
		DA795D9618CFDE2200611C49 /* en */ = {isa = PBXFileReference; lastKnownFileType = text.plist.strings; name = en; path = en.lproj/InfoPlist.strings; sourceTree = "<group>"; };
		DA795D9818CFDE2200611C49 /* ScreenBoundariesTests.m */ = {isa = PBXFileReference; lastKnownFileType = sourcecode.c.objc; path = ScreenBoundariesTests.m; sourceTree = "<group>"; };
/* End PBXFileReference section */

/* Begin PBXFrameworksBuildPhase section */
		DA795D6718CFDE2100611C49 /* Frameworks */ = {
			isa = PBXFrameworksBuildPhase;
			buildActionMask = 2147483647;
			files = (
				DA795D7018CFDE2100611C49 /* CoreGraphics.framework in Frameworks */,
				DA795D7218CFDE2100611C49 /* UIKit.framework in Frameworks */,
				DA795D6E18CFDE2100611C49 /* Foundation.framework in Frameworks */,
			);
			runOnlyForDeploymentPostprocessing = 0;
		};
		DA795D8818CFDE2200611C49 /* Frameworks */ = {
			isa = PBXFrameworksBuildPhase;
			buildActionMask = 2147483647;
			files = (
				DA795D8D18CFDE2200611C49 /* XCTest.framework in Frameworks */,
				DA795D8F18CFDE2200611C49 /* UIKit.framework in Frameworks */,
				DA795D8E18CFDE2200611C49 /* Foundation.framework in Frameworks */,
			);
			runOnlyForDeploymentPostprocessing = 0;
		};
/* End PBXFrameworksBuildPhase section */

/* Begin PBXGroup section */
		DA795D6118CFDE2100611C49 = {
			isa = PBXGroup;
			children = (
				DA795D7318CFDE2100611C49 /* ScreenBoundaries */,
				DA795D9218CFDE2200611C49 /* ScreenBoundariesTests */,
				DA795D6C18CFDE2100611C49 /* Frameworks */,
				DA795D6B18CFDE2100611C49 /* Products */,
			);
			sourceTree = "<group>";
		};
		DA795D6B18CFDE2100611C49 /* Products */ = {
			isa = PBXGroup;
			children = (
				DA795D6A18CFDE2100611C49 /* ScreenBoundaries.app */,
				DA795D8B18CFDE2200611C49 /* ScreenBoundariesTests.xctest */,
			);
			name = Products;
			sourceTree = "<group>";
		};
		DA795D6C18CFDE2100611C49 /* Frameworks */ = {
			isa = PBXGroup;
			children = (
				DA795D6D18CFDE2100611C49 /* Foundation.framework */,
				DA795D6F18CFDE2100611C49 /* CoreGraphics.framework */,
				DA795D7118CFDE2100611C49 /* UIKit.framework */,
				DA795D8C18CFDE2200611C49 /* XCTest.framework */,
			);
			name = Frameworks;
			sourceTree = "<group>";
		};
		DA795D7318CFDE2100611C49 /* ScreenBoundaries */ = {
			isa = PBXGroup;
			children = (
				DA795D7C18CFDE2100611C49 /* AppDelegate.h */,
				DA795D7D18CFDE2100611C49 /* AppDelegate.m */,
				DA795D7F18CFDE2200611C49 /* Main.storyboard */,
				DA795D8218CFDE2200611C49 /* ViewController.h */,
				DA795D8318CFDE2200611C49 /* ViewController.m */,
				DA795D8518CFDE2200611C49 /* Images.xcassets */,
				DA795D7418CFDE2100611C49 /* Supporting Files */,
			);
			path = ScreenBoundaries;
			sourceTree = "<group>";
		};
		DA795D7418CFDE2100611C49 /* Supporting Files */ = {
			isa = PBXGroup;
			children = (
				DA795D7518CFDE2100611C49 /* ScreenBoundaries-Info.plist */,
				DA795D7618CFDE2100611C49 /* InfoPlist.strings */,
				DA795D7918CFDE2100611C49 /* main.m */,
				DA795D7B18CFDE2100611C49 /* ScreenBoundaries-Prefix.pch */,
			);
			name = "Supporting Files";
			sourceTree = "<group>";
		};
		DA795D9218CFDE2200611C49 /* ScreenBoundariesTests */ = {
			isa = PBXGroup;
			children = (
				DA795D9818CFDE2200611C49 /* ScreenBoundariesTests.m */,
				DA795D9318CFDE2200611C49 /* Supporting Files */,
			);
			path = ScreenBoundariesTests;
			sourceTree = "<group>";
		};
		DA795D9318CFDE2200611C49 /* Supporting Files */ = {
			isa = PBXGroup;
			children = (
				DA795D9418CFDE2200611C49 /* ScreenBoundariesTests-Info.plist */,
				DA795D9518CFDE2200611C49 /* InfoPlist.strings */,
			);
			name = "Supporting Files";
			sourceTree = "<group>";
		};
/* End PBXGroup section */

/* Begin PBXNativeTarget section */
		DA795D6918CFDE2100611C49 /* ScreenBoundaries */ = {
			isa = PBXNativeTarget;
			buildConfigurationList = DA795D9C18CFDE2200611C49 /* Build configuration list for PBXNativeTarget "ScreenBoundaries" */;
			buildPhases = (
				DA795D6618CFDE2100611C49 /* Sources */,
				DA795D6718CFDE2100611C49 /* Frameworks */,
				DA795D6818CFDE2100611C49 /* Resources */,
			);
			buildRules = (
			);
			dependencies = (
			);
			name = ScreenBoundaries;
			productName = ScreenBoundaries;
			productReference = DA795D6A18CFDE2100611C49 /* ScreenBoundaries.app */;
			productType = "com.apple.product-type.application";
		};
		DA795D8A18CFDE2200611C49 /* ScreenBoundariesTests */ = {
			isa = PBXNativeTarget;
			buildConfigurationList = DA795D9F18CFDE2200611C49 /* Build configuration list for PBXNativeTarget "ScreenBoundariesTests" */;
			buildPhases = (
				DA795D8718CFDE2200611C49 /* Sources */,
				DA795D8818CFDE2200611C49 /* Frameworks */,
				DA795D8918CFDE2200611C49 /* Resources */,
			);
			buildRules = (
			);
			dependencies = (
				DA795D9118CFDE2200611C49 /* PBXTargetDependency */,
			);
			name = ScreenBoundariesTests;
			productName = ScreenBoundariesTests;
			productReference = DA795D8B18CFDE2200611C49 /* ScreenBoundariesTests.xctest */;
			productType = "com.apple.product-type.bundle.unit-test";
		};
/* End PBXNativeTarget section */

/* Begin PBXProject section */
		DA795D6218CFDE2100611C49 /* Project object */ = {
			isa = PBXProject;
			attributes = {
				LastUpgradeCheck = 0500;
				ORGANIZATIONNAME = "Paul Solt";
				TargetAttributes = {
					DA795D8A18CFDE2200611C49 = {
						TestTargetID = DA795D6918CFDE2100611C49;
					};
				};
			};
			buildConfigurationList = DA795D6518CFDE2100611C49 /* Build configuration list for PBXProject "ScreenBoundaries" */;
			compatibilityVersion = "Xcode 3.2";
			developmentRegion = English;
			hasScannedForEncodings = 0;
			knownRegions = (
				en,
				Base,
			);
			mainGroup = DA795D6118CFDE2100611C49;
			productRefGroup = DA795D6B18CFDE2100611C49 /* Products */;
			projectDirPath = "";
			projectRoot = "";
			targets = (
				DA795D6918CFDE2100611C49 /* ScreenBoundaries */,
				DA795D8A18CFDE2200611C49 /* ScreenBoundariesTests */,
			);
		};
/* End PBXProject section */

/* Begin PBXResourcesBuildPhase section */
		DA795D6818CFDE2100611C49 /* Resources */ = {
			isa = PBXResourcesBuildPhase;
			buildActionMask = 2147483647;
			files = (
				DA795D8618CFDE2200611C49 /* Images.xcassets in Resources */,
				DA795D7818CFDE2100611C49 /* InfoPlist.strings in Resources */,
				DA795D8118CFDE2200611C49 /* Main.storyboard in Resources */,
			);
			runOnlyForDeploymentPostprocessing = 0;
		};
		DA795D8918CFDE2200611C49 /* Resources */ = {
			isa = PBXResourcesBuildPhase;
			buildActionMask = 2147483647;
			files = (
				DA795D9718CFDE2200611C49 /* InfoPlist.strings in Resources */,
			);
			runOnlyForDeploymentPostprocessing = 0;
		};
/* End PBXResourcesBuildPhase section */

/* Begin PBXSourcesBuildPhase section */
		DA795D6618CFDE2100611C49 /* Sources */ = {
			isa = PBXSourcesBuildPhase;
			buildActionMask = 2147483647;
			files = (
				DA795D8418CFDE2200611C49 /* ViewController.m in Sources */,
				DA795D7E18CFDE2100611C49 /* AppDelegate.m in Sources */,
				DA795D7A18CFDE2100611C49 /* main.m in Sources */,
			);
			runOnlyForDeploymentPostprocessing = 0;
		};
		DA795D8718CFDE2200611C49 /* Sources */ = {
			isa = PBXSourcesBuildPhase;
			buildActionMask = 2147483647;
			files = (
				DA795D9918CFDE2200611C49 /* ScreenBoundariesTests.m in Sources */,
			);
			runOnlyForDeploymentPostprocessing = 0;
		};
/* End PBXSourcesBuildPhase section */

/* Begin PBXTargetDependency section */
		DA795D9118CFDE2200611C49 /* PBXTargetDependency */ = {
			isa = PBXTargetDependency;
			target = DA795D6918CFDE2100611C49 /* ScreenBoundaries */;
			targetProxy = DA795D9018CFDE2200611C49 /* PBXContainerItemProxy */;
		};
/* End PBXTargetDependency section */

/* Begin PBXVariantGroup section */
		DA795D7618CFDE2100611C49 /* InfoPlist.strings */ = {
			isa = PBXVariantGroup;
			children = (
				DA795D7718CFDE2100611C49 /* en */,
			);
			name = InfoPlist.strings;
			sourceTree = "<group>";
		};
		DA795D7F18CFDE2200611C49 /* Main.storyboard */ = {
			isa = PBXVariantGroup;
			children = (
				DA795D8018CFDE2200611C49 /* Base */,
			);
			name = Main.storyboard;
			sourceTree = "<group>";
		};
		DA795D9518CFDE2200611C49 /* InfoPlist.strings */ = {
			isa = PBXVariantGroup;
			children = (
				DA795D9618CFDE2200611C49 /* en */,
			);
			name = InfoPlist.strings;
			sourceTree = "<group>";
		};
/* End PBXVariantGroup section */

/* Begin XCBuildConfiguration section */
		DA795D9A18CFDE2200611C49 /* Debug */ = {
			isa = XCBuildConfiguration;
			buildSettings = {
				ALWAYS_SEARCH_USER_PATHS = NO;
				ARCHS = "$(ARCHS_STANDARD_INCLUDING_64_BIT)";
				CLANG_CXX_LANGUAGE_STANDARD = "gnu++0x";
				CLANG_CXX_LIBRARY = "libc++";
				CLANG_ENABLE_MODULES = YES;
				CLANG_ENABLE_OBJC_ARC = YES;
				CLANG_WARN_BOOL_CONVERSION = YES;
				CLANG_WARN_CONSTANT_CONVERSION = YES;
				CLANG_WARN_DIRECT_OBJC_ISA_USAGE = YES_ERROR;
				CLANG_WARN_EMPTY_BODY = YES;
				CLANG_WARN_ENUM_CONVERSION = YES;
				CLANG_WARN_INT_CONVERSION = YES;
				CLANG_WARN_OBJC_ROOT_CLASS = YES_ERROR;
				CLANG_WARN__DUPLICATE_METHOD_MATCH = YES;
				"CODE_SIGN_IDENTITY[sdk=iphoneos*]" = "iPhone Developer";
				COPY_PHASE_STRIP = NO;
				GCC_C_LANGUAGE_STANDARD = gnu99;
				GCC_DYNAMIC_NO_PIC = NO;
				GCC_OPTIMIZATION_LEVEL = 0;
				GCC_PREPROCESSOR_DEFINITIONS = (
					"DEBUG=1",
					"$(inherited)",
				);
				GCC_SYMBOLS_PRIVATE_EXTERN = NO;
				GCC_WARN_64_TO_32_BIT_CONVERSION = YES;
				GCC_WARN_ABOUT_RETURN_TYPE = YES_ERROR;
				GCC_WARN_UNDECLARED_SELECTOR = YES;
				GCC_WARN_UNINITIALIZED_AUTOS = YES;
				GCC_WARN_UNUSED_FUNCTION = YES;
				GCC_WARN_UNUSED_VARIABLE = YES;
				IPHONEOS_DEPLOYMENT_TARGET = 7.0;
				ONLY_ACTIVE_ARCH = YES;
				SDKROOT = iphoneos;
			};
			name = Debug;
		};
		DA795D9B18CFDE2200611C49 /* Release */ = {
			isa = XCBuildConfiguration;
			buildSettings = {
				ALWAYS_SEARCH_USER_PATHS = NO;
				ARCHS = "$(ARCHS_STANDARD_INCLUDING_64_BIT)";
				CLANG_CXX_LANGUAGE_STANDARD = "gnu++0x";
				CLANG_CXX_LIBRARY = "libc++";
				CLANG_ENABLE_MODULES = YES;
				CLANG_ENABLE_OBJC_ARC = YES;
				CLANG_WARN_BOOL_CONVERSION = YES;
				CLANG_WARN_CONSTANT_CONVERSION = YES;
				CLANG_WARN_DIRECT_OBJC_ISA_USAGE = YES_ERROR;
				CLANG_WARN_EMPTY_BODY = YES;
				CLANG_WARN_ENUM_CONVERSION = YES;
				CLANG_WARN_INT_CONVERSION = YES;
				CLANG_WARN_OBJC_ROOT_CLASS = YES_ERROR;
				CLANG_WARN__DUPLICATE_METHOD_MATCH = YES;
				"CODE_SIGN_IDENTITY[sdk=iphoneos*]" = "iPhone Developer";
				COPY_PHASE_STRIP = YES;
				ENABLE_NS_ASSERTIONS = NO;
				GCC_C_LANGUAGE_STANDARD = gnu99;
				GCC_WARN_64_TO_32_BIT_CONVERSION = YES;
				GCC_WARN_ABOUT_RETURN_TYPE = YES_ERROR;
				GCC_WARN_UNDECLARED_SELECTOR = YES;
				GCC_WARN_UNINITIALIZED_AUTOS = YES;
				GCC_WARN_UNUSED_FUNCTION = YES;
				GCC_WARN_UNUSED_VARIABLE = YES;
				IPHONEOS_DEPLOYMENT_TARGET = 7.0;
				SDKROOT = iphoneos;
				VALIDATE_PRODUCT = YES;
			};
			name = Release;
		};
		DA795D9D18CFDE2200611C49 /* Debug */ = {
			isa = XCBuildConfiguration;
			buildSettings = {
				ASSETCATALOG_COMPILER_APPICON_NAME = AppIcon;
				ASSETCATALOG_COMPILER_LAUNCHIMAGE_NAME = LaunchImage;
				GCC_PRECOMPILE_PREFIX_HEADER = YES;
				GCC_PREFIX_HEADER = "ScreenBoundaries/ScreenBoundaries-Prefix.pch";
				INFOPLIST_FILE = "ScreenBoundaries/ScreenBoundaries-Info.plist";
				PRODUCT_NAME = "$(TARGET_NAME)";
				WRAPPER_EXTENSION = app;
			};
			name = Debug;
		};
		DA795D9E18CFDE2200611C49 /* Release */ = {
			isa = XCBuildConfiguration;
			buildSettings = {
				ASSETCATALOG_COMPILER_APPICON_NAME = AppIcon;
				ASSETCATALOG_COMPILER_LAUNCHIMAGE_NAME = LaunchImage;
				GCC_PRECOMPILE_PREFIX_HEADER = YES;
				GCC_PREFIX_HEADER = "ScreenBoundaries/ScreenBoundaries-Prefix.pch";
				INFOPLIST_FILE = "ScreenBoundaries/ScreenBoundaries-Info.plist";
				PRODUCT_NAME = "$(TARGET_NAME)";
				WRAPPER_EXTENSION = app;
			};
			name = Release;
		};
		DA795DA018CFDE2200611C49 /* Debug */ = {
			isa = XCBuildConfiguration;
			buildSettings = {
				ARCHS = "$(ARCHS_STANDARD_INCLUDING_64_BIT)";
				BUNDLE_LOADER = "$(BUILT_PRODUCTS_DIR)/ScreenBoundaries.app/ScreenBoundaries";
				FRAMEWORK_SEARCH_PATHS = (
					"$(SDKROOT)/Developer/Library/Frameworks",
					"$(inherited)",
					"$(DEVELOPER_FRAMEWORKS_DIR)",
				);
				GCC_PRECOMPILE_PREFIX_HEADER = YES;
				GCC_PREFIX_HEADER = "ScreenBoundaries/ScreenBoundaries-Prefix.pch";
				GCC_PREPROCESSOR_DEFINITIONS = (
					"DEBUG=1",
					"$(inherited)",
				);
				INFOPLIST_FILE = "ScreenBoundariesTests/ScreenBoundariesTests-Info.plist";
				PRODUCT_NAME = "$(TARGET_NAME)";
				TEST_HOST = "$(BUNDLE_LOADER)";
				WRAPPER_EXTENSION = xctest;
			};
			name = Debug;
		};
		DA795DA118CFDE2200611C49 /* Release */ = {
			isa = XCBuildConfiguration;
			buildSettings = {
				ARCHS = "$(ARCHS_STANDARD_INCLUDING_64_BIT)";
				BUNDLE_LOADER = "$(BUILT_PRODUCTS_DIR)/ScreenBoundaries.app/ScreenBoundaries";
				FRAMEWORK_SEARCH_PATHS = (
					"$(SDKROOT)/Developer/Library/Frameworks",
					"$(inherited)",
					"$(DEVELOPER_FRAMEWORKS_DIR)",
				);
				GCC_PRECOMPILE_PREFIX_HEADER = YES;
				GCC_PREFIX_HEADER = "ScreenBoundaries/ScreenBoundaries-Prefix.pch";
				INFOPLIST_FILE = "ScreenBoundariesTests/ScreenBoundariesTests-Info.plist";
				PRODUCT_NAME = "$(TARGET_NAME)";
				TEST_HOST = "$(BUNDLE_LOADER)";
				WRAPPER_EXTENSION = xctest;
			};
			name = Release;
		};
/* End XCBuildConfiguration section */

/* Begin XCConfigurationList section */
		DA795D6518CFDE2100611C49 /* Build configuration list for PBXProject "ScreenBoundaries" */ = {
			isa = XCConfigurationList;
			buildConfigurations = (
				DA795D9A18CFDE2200611C49 /* Debug */,
				DA795D9B18CFDE2200611C49 /* Release */,
			);
			defaultConfigurationIsVisible = 0;
			defaultConfigurationName = Release;
		};
		DA795D9C18CFDE2200611C49 /* Build configuration list for PBXNativeTarget "ScreenBoundaries" */ = {
			isa = XCConfigurationList;
			buildConfigurations = (
				DA795D9D18CFDE2200611C49 /* Debug */,
				DA795D9E18CFDE2200611C49 /* Release */,
			);
			defaultConfigurationIsVisible = 0;
		};
		DA795D9F18CFDE2200611C49 /* Build configuration list for PBXNativeTarget "ScreenBoundariesTests" */ = {
			isa = XCConfigurationList;
			buildConfigurations = (
				DA795DA018CFDE2200611C49 /* Debug */,
				DA795DA118CFDE2200611C49 /* Release */,
			);
			defaultConfigurationIsVisible = 0;
		};
/* End XCConfigurationList section */
	};
	rootObject = DA795D6218CFDE2100611C49 /* Project object */;
}
